
Microsoft Visual Studio Solution File, Format Version 12.00
# Visual Studio Version 16
VisualStudioVersion = 16.0.30907.101
MinimumVisualStudioVersion = 10.0.40219.1
Project("{9A19103F-16F7-4668-BE54-9A1E7A4F7556}") = "HelloOwinServer", "HelloOwinServer\HelloOwinServer.csproj", "{EF1F67FE-E31B-4321-95D1-B9576C8B9AE1}"
EndProject
Project("{9A19103F-16F7-4668-BE54-9A1E7A4F7556}") = "HelloOwinInterfaces", "HelloOwinInterfaces\HelloOwinInterfaces.csproj", "{157A719F-60D9-48E8-8F0C-A75A84B17968}"
EndProject
Project("{9A19103F-16F7-4668-BE54-9A1E7A4F7556}") = "HelloOwinClient", "HelloOwinClient\HelloOwinClient.csproj", "{55DDA7C3-A1D7-46DB-8FD3-AA535157374A}"
EndProject
Project("{2150E333-8FDC-42A3-9474-1A3956D46DE8}") = "Solution Items", "Solution Items", "{7FF9DA8D-F4B3-46AF-A63A-EB456F46B6C1}"
	ProjectSection(SolutionItems) = preProject
		.travis.yml = .travis.yml
		appveyor.yml = appveyor.yml
		azure-pipelines.yml = azure-pipelines.yml
		ReadMe.md = ReadMe.md
		run-client.cmd = run-client.cmd
		run-client.sh = run-client.sh
		run-server.cmd = run-server.cmd
		run-server.sh = run-server.sh
		test.sh = test.sh
	EndProjectSection
EndProject
Project("{9A19103F-16F7-4668-BE54-9A1E7A4F7556}") = "HelloOwinTests", "HelloOwinTests\HelloOwinTests.csproj", "{19BF71A2-89D4-4B22-B3C5-4A710376AA25}"
EndProject
Project("{2150E333-8FDC-42A3-9474-1A3956D46DE8}") = ".github", ".github", "{D6E8BF0D-313E-403C-925F-86C31AE99F87}"
	ProjectSection(SolutionItems) = preProject
		.github\dependabot.yml = .github\dependabot.yml
	EndProjectSection
EndProject
Project("{2150E333-8FDC-42A3-9474-1A3956D46DE8}") = "workflows", "workflows", "{6995D36E-46CF-4D83-AC9B-DA9E3328DD0D}"
	ProjectSection(SolutionItems) = preProject
		.github\workflows\codeql-analysis.yml = .github\workflows\codeql-analysis.yml
		.github\workflows\dotnetcore.yml = .github\workflows\dotnetcore.yml
		.github\workflows\linter.yml = .github\workflows\linter.yml
	EndProjectSection
EndProject
Global
	GlobalSection(SolutionConfigurationPlatforms) = preSolution
		Debug|Any CPU = Debug|Any CPU
		Release|Any CPU = Release|Any CPU
	EndGlobalSection
	GlobalSection(ProjectConfigurationPlatforms) = postSolution
		{EF1F67FE-E31B-4321-95D1-B9576C8B9AE1}.Debug|Any CPU.ActiveCfg = Debug|Any CPU
		{EF1F67FE-E31B-4321-95D1-B9576C8B9AE1}.Debug|Any CPU.Build.0 = Debug|Any CPU
		{EF1F67FE-E31B-4321-95D1-B9576C8B9AE1}.Release|Any CPU.ActiveCfg = Release|Any CPU
		{EF1F67FE-E31B-4321-95D1-B9576C8B9AE1}.Release|Any CPU.Build.0 = Release|Any CPU
		{157A719F-60D9-48E8-8F0C-A75A84B17968}.Debug|Any CPU.ActiveCfg = Debug|Any CPU
		{157A719F-60D9-48E8-8F0C-A75A84B17968}.Debug|Any CPU.Build.0 = Debug|Any CPU
		{157A719F-60D9-48E8-8F0C-A75A84B17968}.Release|Any CPU.ActiveCfg = Release|Any CPU
		{157A719F-60D9-48E8-8F0C-A75A84B17968}.Release|Any CPU.Build.0 = Release|Any CPU
		{55DDA7C3-A1D7-46DB-8FD3-AA535157374A}.Debug|Any CPU.ActiveCfg = Debug|Any CPU
		{55DDA7C3-A1D7-46DB-8FD3-AA535157374A}.Debug|Any CPU.Build.0 = Debug|Any CPU
		{55DDA7C3-A1D7-46DB-8FD3-AA535157374A}.Release|Any CPU.ActiveCfg = Release|Any CPU
		{55DDA7C3-A1D7-46DB-8FD3-AA535157374A}.Release|Any CPU.Build.0 = Release|Any CPU
		{19BF71A2-89D4-4B22-B3C5-4A710376AA25}.Debug|Any CPU.ActiveCfg = Debug|Any CPU
		{19BF71A2-89D4-4B22-B3C5-4A710376AA25}.Debug|Any CPU.Build.0 = Debug|Any CPU
		{19BF71A2-89D4-4B22-B3C5-4A710376AA25}.Release|Any CPU.ActiveCfg = Release|Any CPU
		{19BF71A2-89D4-4B22-B3C5-4A710376AA25}.Release|Any CPU.Build.0 = Release|Any CPU
	EndGlobalSection
	GlobalSection(SolutionProperties) = preSolution
		HideSolutionNode = FALSE
	EndGlobalSection
	GlobalSection(NestedProjects) = preSolution
		{6995D36E-46CF-4D83-AC9B-DA9E3328DD0D} = {D6E8BF0D-313E-403C-925F-86C31AE99F87}
	EndGlobalSection
	GlobalSection(ExtensibilityGlobals) = postSolution
		SolutionGuid = {DC68379B-F5DB-4262-9E2D-29E4A3C8E665}
	EndGlobalSection
EndGlobal
