
Microsoft Visual Studio Solution File, Format Version 12.00
# Visual Studio 15
VisualStudioVersion = 15.0.28307.645
MinimumVisualStudioVersion = 10.0.40219.1
Project("{FAE04EC0-301F-11D3-BF4B-00C04F79EFBC}") = "HelloOwinServer", "HelloOwinServer\HelloOwinServer.csproj", "{EF1F67FE-E31B-4321-95D1-B9576C8B9AE1}"
EndProject
Project("{FAE04EC0-301F-11D3-BF4B-00C04F79EFBC}") = "HelloOwinInterfaces", "HelloOwinInterfaces\HelloOwinInterfaces.csproj", "{157A719F-60D9-48E8-8F0C-A75A84B17968}"
EndProject
Project("{FAE04EC0-301F-11D3-BF4B-00C04F79EFBC}") = "HelloOwinClient", "HelloOwinClient\HelloOwinClient.csproj", "{55DDA7C3-A1D7-46DB-8FD3-AA535157374A}"
EndProject
Project("{2150E333-8FDC-42A3-9474-1A3956D46DE8}") = "Solution Items", "Solution Items", "{7FF9DA8D-F4B3-46AF-A63A-EB456F46B6C1}"
	ProjectSection(SolutionItems) = preProject
		.travis.yml = .travis.yml
		appveyor.yml = appveyor.yml
		azure-pipelines.yml = azure-pipelines.yml
		ReadMe.md = ReadMe.md
		run-client.cmd = run-client.cmd
		run-server.cmd = run-server.cmd
	EndProjectSection
EndProject
Project("{FAE04EC0-301F-11D3-BF4B-00C04F79EFBC}") = "HelloOwinTests", "HelloOwinTests\HelloOwinTests.csproj", "{19BF71A2-89D4-4B22-B3C5-4A710376AA25}"
EndProject
Global
	GlobalSection(SolutionConfigurationPlatforms) = preSolution
		Debug|Any CPU = Debug|Any CPU
		Release|Any CPU = Release|Any CPU
	EndGlobalSection
	GlobalSection(ProjectConfigurationPlatforms) = postSolution
		{EF1F67FE-E31B-4321-95D1-B9576C8B9AE1}.Debug|Any CPU.ActiveCfg = Debug|Any CPU
		{EF1F67FE-E31B-4321-95D1-B9576C8B9AE1}.Debug|Any CPU.Build.0 = Debug|Any CPU
		{EF1F67FE-E31B-4321-95D1-B9576C8B9AE1}.Release|Any CPU.ActiveCfg = Release|Any CPU
		{EF1F67FE-E31B-4321-95D1-B9576C8B9AE1}.Release|Any CPU.Build.0 = Release|Any CPU
		{157A719F-60D9-48E8-8F0C-A75A84B17968}.Debug|Any CPU.ActiveCfg = Debug|Any CPU
		{157A719F-60D9-48E8-8F0C-A75A84B17968}.Debug|Any CPU.Build.0 = Debug|Any CPU
		{157A719F-60D9-48E8-8F0C-A75A84B17968}.Release|Any CPU.ActiveCfg = Release|Any CPU
		{157A719F-60D9-48E8-8F0C-A75A84B17968}.Release|Any CPU.Build.0 = Release|Any CPU
		{55DDA7C3-A1D7-46DB-8FD3-AA535157374A}.Debug|Any CPU.ActiveCfg = Debug|Any CPU
		{55DDA7C3-A1D7-46DB-8FD3-AA535157374A}.Debug|Any CPU.Build.0 = Debug|Any CPU
		{55DDA7C3-A1D7-46DB-8FD3-AA535157374A}.Release|Any CPU.ActiveCfg = Release|Any CPU
		{55DDA7C3-A1D7-46DB-8FD3-AA535157374A}.Release|Any CPU.Build.0 = Release|Any CPU
		{19BF71A2-89D4-4B22-B3C5-4A710376AA25}.Debug|Any CPU.ActiveCfg = Debug|Any CPU
		{19BF71A2-89D4-4B22-B3C5-4A710376AA25}.Debug|Any CPU.Build.0 = Debug|Any CPU
		{19BF71A2-89D4-4B22-B3C5-4A710376AA25}.Release|Any CPU.ActiveCfg = Release|Any CPU
		{19BF71A2-89D4-4B22-B3C5-4A710376AA25}.Release|Any CPU.Build.0 = Release|Any CPU
	EndGlobalSection
	GlobalSection(SolutionProperties) = preSolution
		HideSolutionNode = FALSE
	EndGlobalSection
EndGlobal
